
Microsoft Visual Studio Solution File, Format Version 12.00
# Visual Studio 2012
Project("{FAE04EC0-301F-11D3-BF4B-00C04F79EFBC}") = "SGArchiveDataLoad", "SGArchiveDataLoad\SGArchiveDataLoad.csproj", "{767899C7-4B96-46B6-9873-EF9D413ACF4A}"
EndProject
Global
	GlobalSection(SolutionConfigurationPlatforms) = preSolution
		Debug|Any CPU = Debug|Any CPU
		Release|Any CPU = Release|Any CPU
	EndGlobalSection
	GlobalSection(ProjectConfigurationPlatforms) = postSolution
		{767899C7-4B96-46B6-9873-EF9D413ACF4A}.Debug|Any CPU.ActiveCfg = Debug|Any CPU
		{767899C7-4B96-46B6-9873-EF9D413ACF4A}.Debug|Any CPU.Build.0 = Debug|Any CPU
		{767899C7-4B96-46B6-9873-EF9D413ACF4A}.Release|Any CPU.ActiveCfg = Release|Any CPU
		{767899C7-4B96-46B6-9873-EF9D413ACF4A}.Release|Any CPU.Build.0 = Release|Any CPU
	EndGlobalSection
	GlobalSection(SolutionProperties) = preSolution
		HideSolutionNode = FALSE
	EndGlobalSection
EndGlobal
